{
    "_readme": [
        "This file locks the dependencies of your project to a known state",
        "Read more about it at https://getcomposer.org/doc/01-basic-usage.md#installing-dependencies",
        "This file is @generated automatically"
    ],
    "content-hash": "c82075f55b7b9371b85024fcfdf70c04",
    "packages": [
        {
            "name": "blackrockdigital/startbootstrap-freelancer",
            "version": "master",
            "source": {
                "type": "git",
                "url": "https://github.com/BlackrockDigital/startbootstrap-freelancer.git",
                "reference": "master"
            },
            "type": "library",
            "time": "2020-06-18T21:06:13+00:00"
        }
    ],
    "packages-dev": [],
    "aliases": [],
    "minimum-stability": "stable",
    "stability-flags": {
        "blackrockdigital/startbootstrap-freelancer": 20
    },
    "prefer-stable": false,
    "prefer-lowest": false,
    "platform": [],
    "platform-dev": [],
    "plugin-api-version": "1.1.0"
}
